// !$*UTF8*$!
{
	archiveVersion = 1;
	classes = {
	};
	objectVersion = 51;
	objects = {

/* Begin PBXBuildFile section */
		0C3F47AC25EEF5520028D726 /* ParkViewController.swift in Sources */ = {isa = PBXBuildFile; fileRef = 0C3F47AB25EEF5520028D726 /* ParkViewController.swift */; };
		0C3F47C325EF3ADD0028D726 /* HomeViewController.swift in Sources */ = {isa = PBXBuildFile; fileRef = 0C3F47C225EF3ADD0028D726 /* HomeViewController.swift */; };
		3B516D4825E879E400A49363 /* InitialScreenController.swift in Sources */ = {isa = PBXBuildFile; fileRef = 3B516D4725E879E400A49363 /* InitialScreenController.swift */; };
		3B516D4A25E934F500A49363 /* EarnPointsTemp.swift in Sources */ = {isa = PBXBuildFile; fileRef = 3B516D4925E934F500A49363 /* EarnPointsTemp.swift */; };
		3B56DB7125F11E6900F180B2 /* Place.swift in Sources */ = {isa = PBXBuildFile; fileRef = 3B56DB7025F11E6900F180B2 /* Place.swift */; };
		3B56DB7325F3CD8100F180B2 /* food.png in Resources */ = {isa = PBXBuildFile; fileRef = 3B56DB7225F3CD8100F180B2 /* food.png */; };
		3BAE821B25CB257300C1E7DD /* AppDelegate.swift in Sources */ = {isa = PBXBuildFile; fileRef = 3BAE821A25CB257300C1E7DD /* AppDelegate.swift */; };
		3BAE821D25CB257300C1E7DD /* SceneDelegate.swift in Sources */ = {isa = PBXBuildFile; fileRef = 3BAE821C25CB257300C1E7DD /* SceneDelegate.swift */; };
		3BAE821F25CB257300C1E7DD /* LoginController.swift in Sources */ = {isa = PBXBuildFile; fileRef = 3BAE821E25CB257300C1E7DD /* LoginController.swift */; };
		3BAE822225CB257300C1E7DD /* Main.storyboard in Resources */ = {isa = PBXBuildFile; fileRef = 3BAE822025CB257300C1E7DD /* Main.storyboard */; };
		3BAE822525CB257300C1E7DD /* Parkey.xcdatamodeld in Sources */ = {isa = PBXBuildFile; fileRef = 3BAE822325CB257300C1E7DD /* Parkey.xcdatamodeld */; };
		3BAE822725CB257500C1E7DD /* Assets.xcassets in Resources */ = {isa = PBXBuildFile; fileRef = 3BAE822625CB257500C1E7DD /* Assets.xcassets */; };
		3BAE822A25CB257500C1E7DD /* LaunchScreen.storyboard in Resources */ = {isa = PBXBuildFile; fileRef = 3BAE822825CB257500C1E7DD /* LaunchScreen.storyboard */; };
		3BAE823C25D1877000C1E7DD /* SignUpController.swift in Sources */ = {isa = PBXBuildFile; fileRef = 3BAE823B25D1877000C1E7DD /* SignUpController.swift */; };
		823E5DF725CF0BFF00F5C0E7 /* logo.png in Resources */ = {isa = PBXBuildFile; fileRef = 823E5DF625CF0BFF00F5C0E7 /* logo.png */; };
		824C514D25EC23030047C468 /* CardCell.swift in Sources */ = {isa = PBXBuildFile; fileRef = 824C514C25EC23030047C468 /* CardCell.swift */; };
		824D591A26080E7000EB8818 /* circle.png in Resources */ = {isa = PBXBuildFile; fileRef = 824D591926080E7000EB8818 /* circle.png */; };
		8267022325EB6C9100D784C1 /* RewardsController.swift in Sources */ = {isa = PBXBuildFile; fileRef = 8267022225EB6C9100D784C1 /* RewardsController.swift */; };
		8276494C25FEBBAE00F59E14 /* LeaderboardController.swift in Sources */ = {isa = PBXBuildFile; fileRef = 8276494B25FEBBAE00F59E14 /* LeaderboardController.swift */; };
		8280F11E25D6EF2700306867 /* logowords.png in Resources */ = {isa = PBXBuildFile; fileRef = 8280F11D25D6EF2700306867 /* logowords.png */; };
		8280F12525D6FE8500306867 /* RequestHandler.swift in Sources */ = {isa = PBXBuildFile; fileRef = 8280F12425D6FE8500306867 /* RequestHandler.swift */; };
		8280F12825D7066500306867 /* PaymentInfo.swift in Sources */ = {isa = PBXBuildFile; fileRef = 8280F12725D7066500306867 /* PaymentInfo.swift */; };
		8280F12B25D712FE00306867 /* Vehicle.swift in Sources */ = {isa = PBXBuildFile; fileRef = 8280F12A25D712FE00306867 /* Vehicle.swift */; };
		8280F12E25D71C3C00306867 /* Reward.swift in Sources */ = {isa = PBXBuildFile; fileRef = 8280F12D25D71C3C00306867 /* Reward.swift */; };
		8280F13125D7237D00306867 /* Navigation.swift in Sources */ = {isa = PBXBuildFile; fileRef = 8280F13025D7237D00306867 /* Navigation.swift */; };
		8280F13425D7238F00306867 /* ParkingSpot.swift in Sources */ = {isa = PBXBuildFile; fileRef = 8280F13325D7238F00306867 /* ParkingSpot.swift */; };
		8280F13725D723A100306867 /* ParkingRules.swift in Sources */ = {isa = PBXBuildFile; fileRef = 8280F13625D723A100306867 /* ParkingRules.swift */; };
		8280F13A25D723FB00306867 /* Vinny.swift in Sources */ = {isa = PBXBuildFile; fileRef = 8280F13925D723FB00306867 /* Vinny.swift */; };
		829DA1A925CF52DC007B4EC5 /* User.swift in Sources */ = {isa = PBXBuildFile; fileRef = 829DA1A825CF52DC007B4EC5 /* User.swift */; };
		A3AC654A5AFC860934FF1817 /* Pods_Parkey.framework in Frameworks */ = {isa = PBXBuildFile; fileRef = 6CA3F521DA155239D2732AE9 /* Pods_Parkey.framework */; };
		AB25AF0225D9CB4600F0EB5B /* keychain_1.png in Resources */ = {isa = PBXBuildFile; fileRef = AB25AF0025D9CB4600F0EB5B /* keychain_1.png */; };
		AB25AF0325D9CB4600F0EB5B /* mic_1.png in Resources */ = {isa = PBXBuildFile; fileRef = AB25AF0125D9CB4600F0EB5B /* mic_1.png */; };
		AB25AF0725D9CB5300F0EB5B /* park_out.png in Resources */ = {isa = PBXBuildFile; fileRef = AB25AF0425D9CB5300F0EB5B /* park_out.png */; };
		AB25AF0825D9CB5300F0EB5B /* ranking_1.png in Resources */ = {isa = PBXBuildFile; fileRef = AB25AF0525D9CB5300F0EB5B /* ranking_1.png */; };
		AB25AF0925D9CB5300F0EB5B /* park_in.png in Resources */ = {isa = PBXBuildFile; fileRef = AB25AF0625D9CB5300F0EB5B /* park_in.png */; };
		AB25AF0B25D9CB5D00F0EB5B /* account_1.png in Resources */ = {isa = PBXBuildFile; fileRef = AB25AF0A25D9CB5D00F0EB5B /* account_1.png */; };
		AB25AF0D25D9CD4100F0EB5B /* ProfileController.swift in Sources */ = {isa = PBXBuildFile; fileRef = AB25AF0C25D9CD4100F0EB5B /* ProfileController.swift */; };
		AB25AF0F25D9CD5200F0EB5B /* SettingsController.swift in Sources */ = {isa = PBXBuildFile; fileRef = AB25AF0E25D9CD5200F0EB5B /* SettingsController.swift */; };
		AB4C480925F70B82003396C3 /* SettingsCell.swift in Sources */ = {isa = PBXBuildFile; fileRef = AB4C480825F70B82003396C3 /* SettingsCell.swift */; };
		AB4C480C25F70B97003396C3 /* SpeechController.swift in Sources */ = {isa = PBXBuildFile; fileRef = AB4C480B25F70B97003396C3 /* SpeechController.swift */; };
/* End PBXBuildFile section */

/* Begin PBXFileReference section */
		007B82F06EE04D40F844FC4A /* Pods-Parkey.debug.xcconfig */ = {isa = PBXFileReference; includeInIndex = 1; lastKnownFileType = text.xcconfig; name = "Pods-Parkey.debug.xcconfig"; path = "Target Support Files/Pods-Parkey/Pods-Parkey.debug.xcconfig"; sourceTree = "<group>"; };
		0C3F47AB25EEF5520028D726 /* ParkViewController.swift */ = {isa = PBXFileReference; lastKnownFileType = sourcecode.swift; name = ParkViewController.swift; path = Parkey/Code/Views/ParkViewController.swift; sourceTree = SOURCE_ROOT; };
		0C3F47C225EF3ADD0028D726 /* HomeViewController.swift */ = {isa = PBXFileReference; lastKnownFileType = sourcecode.swift; path = HomeViewController.swift; sourceTree = "<group>"; };
		3B516D4725E879E400A49363 /* InitialScreenController.swift */ = {isa = PBXFileReference; lastKnownFileType = sourcecode.swift; path = InitialScreenController.swift; sourceTree = "<group>"; };
		3B516D4925E934F500A49363 /* EarnPointsTemp.swift */ = {isa = PBXFileReference; lastKnownFileType = sourcecode.swift; path = EarnPointsTemp.swift; sourceTree = "<group>"; };
		3B56DB7025F11E6900F180B2 /* Place.swift */ = {isa = PBXFileReference; lastKnownFileType = sourcecode.swift; path = Place.swift; sourceTree = "<group>"; };
		3B56DB7225F3CD8100F180B2 /* food.png */ = {isa = PBXFileReference; lastKnownFileType = image.png; path = food.png; sourceTree = "<group>"; };
		3BAE821725CB257300C1E7DD /* Parkey.app */ = {isa = PBXFileReference; explicitFileType = wrapper.application; includeInIndex = 0; path = Parkey.app; sourceTree = BUILT_PRODUCTS_DIR; };
		3BAE821A25CB257300C1E7DD /* AppDelegate.swift */ = {isa = PBXFileReference; lastKnownFileType = sourcecode.swift; path = AppDelegate.swift; sourceTree = "<group>"; };
		3BAE821C25CB257300C1E7DD /* SceneDelegate.swift */ = {isa = PBXFileReference; lastKnownFileType = sourcecode.swift; path = SceneDelegate.swift; sourceTree = "<group>"; };
		3BAE821E25CB257300C1E7DD /* LoginController.swift */ = {isa = PBXFileReference; lastKnownFileType = sourcecode.swift; path = LoginController.swift; sourceTree = "<group>"; };
		3BAE822125CB257300C1E7DD /* Base */ = {isa = PBXFileReference; lastKnownFileType = file.storyboard; name = Base; path = Base.lproj/Main.storyboard; sourceTree = "<group>"; };
		3BAE822425CB257300C1E7DD /* Parkey.xcdatamodel */ = {isa = PBXFileReference; lastKnownFileType = wrapper.xcdatamodel; path = Parkey.xcdatamodel; sourceTree = "<group>"; };
		3BAE822625CB257500C1E7DD /* Assets.xcassets */ = {isa = PBXFileReference; lastKnownFileType = folder.assetcatalog; path = Assets.xcassets; sourceTree = "<group>"; };
		3BAE822925CB257500C1E7DD /* Base */ = {isa = PBXFileReference; lastKnownFileType = file.storyboard; name = Base; path = Base.lproj/LaunchScreen.storyboard; sourceTree = "<group>"; };
		3BAE822B25CB257500C1E7DD /* Info.plist */ = {isa = PBXFileReference; lastKnownFileType = text.plist.xml; path = Info.plist; sourceTree = "<group>"; };
		3BAE823B25D1877000C1E7DD /* SignUpController.swift */ = {isa = PBXFileReference; fileEncoding = 4; lastKnownFileType = sourcecode.swift; path = SignUpController.swift; sourceTree = "<group>"; };
		4A6F61E36682699C39A7B591 /* Pods-Parkey.release.xcconfig */ = {isa = PBXFileReference; includeInIndex = 1; lastKnownFileType = text.xcconfig; name = "Pods-Parkey.release.xcconfig"; path = "Target Support Files/Pods-Parkey/Pods-Parkey.release.xcconfig"; sourceTree = "<group>"; };
		6CA3F521DA155239D2732AE9 /* Pods_Parkey.framework */ = {isa = PBXFileReference; explicitFileType = wrapper.framework; includeInIndex = 0; path = Pods_Parkey.framework; sourceTree = BUILT_PRODUCTS_DIR; };
		823E5DF625CF0BFF00F5C0E7 /* logo.png */ = {isa = PBXFileReference; lastKnownFileType = image.png; path = logo.png; sourceTree = "<group>"; };
		824C514C25EC23030047C468 /* CardCell.swift */ = {isa = PBXFileReference; lastKnownFileType = sourcecode.swift; path = CardCell.swift; sourceTree = "<group>"; };
		824D591926080E7000EB8818 /* circle.png */ = {isa = PBXFileReference; lastKnownFileType = image.png; path = circle.png; sourceTree = "<group>"; };
		8267022225EB6C9100D784C1 /* RewardsController.swift */ = {isa = PBXFileReference; lastKnownFileType = sourcecode.swift; path = RewardsController.swift; sourceTree = "<group>"; };
		8276494B25FEBBAE00F59E14 /* LeaderboardController.swift */ = {isa = PBXFileReference; lastKnownFileType = sourcecode.swift; path = LeaderboardController.swift; sourceTree = "<group>"; };
		8280F11D25D6EF2700306867 /* logowords.png */ = {isa = PBXFileReference; lastKnownFileType = image.png; path = logowords.png; sourceTree = "<group>"; };
		8280F12425D6FE8500306867 /* RequestHandler.swift */ = {isa = PBXFileReference; lastKnownFileType = sourcecode.swift; path = RequestHandler.swift; sourceTree = "<group>"; };
		8280F12725D7066500306867 /* PaymentInfo.swift */ = {isa = PBXFileReference; lastKnownFileType = sourcecode.swift; path = PaymentInfo.swift; sourceTree = "<group>"; };
		8280F12A25D712FE00306867 /* Vehicle.swift */ = {isa = PBXFileReference; lastKnownFileType = sourcecode.swift; path = Vehicle.swift; sourceTree = "<group>"; };
		8280F12D25D71C3C00306867 /* Reward.swift */ = {isa = PBXFileReference; lastKnownFileType = sourcecode.swift; path = Reward.swift; sourceTree = "<group>"; };
		8280F13025D7237D00306867 /* Navigation.swift */ = {isa = PBXFileReference; lastKnownFileType = sourcecode.swift; path = Navigation.swift; sourceTree = "<group>"; };
		8280F13325D7238F00306867 /* ParkingSpot.swift */ = {isa = PBXFileReference; lastKnownFileType = sourcecode.swift; path = ParkingSpot.swift; sourceTree = "<group>"; };
		8280F13625D723A100306867 /* ParkingRules.swift */ = {isa = PBXFileReference; lastKnownFileType = sourcecode.swift; path = ParkingRules.swift; sourceTree = "<group>"; };
		8280F13925D723FB00306867 /* Vinny.swift */ = {isa = PBXFileReference; lastKnownFileType = sourcecode.swift; path = Vinny.swift; sourceTree = "<group>"; };
		829DA1A825CF52DC007B4EC5 /* User.swift */ = {isa = PBXFileReference; lastKnownFileType = sourcecode.swift; path = User.swift; sourceTree = "<group>"; };
		AB25AF0025D9CB4600F0EB5B /* keychain_1.png */ = {isa = PBXFileReference; lastKnownFileType = image.png; path = keychain_1.png; sourceTree = "<group>"; };
		AB25AF0125D9CB4600F0EB5B /* mic_1.png */ = {isa = PBXFileReference; lastKnownFileType = image.png; path = mic_1.png; sourceTree = "<group>"; };
		AB25AF0425D9CB5300F0EB5B /* park_out.png */ = {isa = PBXFileReference; lastKnownFileType = image.png; path = park_out.png; sourceTree = "<group>"; };
		AB25AF0525D9CB5300F0EB5B /* ranking_1.png */ = {isa = PBXFileReference; lastKnownFileType = image.png; path = ranking_1.png; sourceTree = "<group>"; };
		AB25AF0625D9CB5300F0EB5B /* park_in.png */ = {isa = PBXFileReference; lastKnownFileType = image.png; path = park_in.png; sourceTree = "<group>"; };
		AB25AF0A25D9CB5D00F0EB5B /* account_1.png */ = {isa = PBXFileReference; lastKnownFileType = image.png; path = account_1.png; sourceTree = "<group>"; };
		AB25AF0C25D9CD4100F0EB5B /* ProfileController.swift */ = {isa = PBXFileReference; lastKnownFileType = sourcecode.swift; path = ProfileController.swift; sourceTree = "<group>"; };
		AB25AF0E25D9CD5200F0EB5B /* SettingsController.swift */ = {isa = PBXFileReference; lastKnownFileType = sourcecode.swift; path = SettingsController.swift; sourceTree = "<group>"; };
		AB4C480825F70B82003396C3 /* SettingsCell.swift */ = {isa = PBXFileReference; lastKnownFileType = sourcecode.swift; path = SettingsCell.swift; sourceTree = "<group>"; };
		AB4C480B25F70B97003396C3 /* SpeechController.swift */ = {isa = PBXFileReference; lastKnownFileType = sourcecode.swift; path = SpeechController.swift; sourceTree = "<group>"; };
/* End PBXFileReference section */

/* Begin PBXFrameworksBuildPhase section */
		3BAE821425CB257300C1E7DD /* Frameworks */ = {
			isa = PBXFrameworksBuildPhase;
			buildActionMask = 2147483647;
			files = (
				A3AC654A5AFC860934FF1817 /* Pods_Parkey.framework in Frameworks */,
			);
			runOnlyForDeploymentPostprocessing = 0;
		};
/* End PBXFrameworksBuildPhase section */

/* Begin PBXGroup section */
		25B7A6751D0EC818BD6647EA /* Frameworks */ = {
			isa = PBXGroup;
			children = (
				6CA3F521DA155239D2732AE9 /* Pods_Parkey.framework */,
			);
			name = Frameworks;
			sourceTree = "<group>";
		};
		3BAE820E25CB257300C1E7DD = {
			isa = PBXGroup;
			children = (
				3BAE821925CB257300C1E7DD /* Parkey */,
				3BAE821825CB257300C1E7DD /* Products */,
				733E1BC08D7250E1CCA06BDA /* Pods */,
				25B7A6751D0EC818BD6647EA /* Frameworks */,
			);
			sourceTree = "<group>";
		};
		3BAE821825CB257300C1E7DD /* Products */ = {
			isa = PBXGroup;
			children = (
				3BAE821725CB257300C1E7DD /* Parkey.app */,
			);
			name = Products;
			sourceTree = "<group>";
		};
		3BAE821925CB257300C1E7DD /* Parkey */ = {
			isa = PBXGroup;
			children = (
				8280F12325D6FE4400306867 /* Code */,
				823E5DF525CF0A7000F5C0E7 /* Images */,
				3BAE821A25CB257300C1E7DD /* AppDelegate.swift */,
				3BAE821C25CB257300C1E7DD /* SceneDelegate.swift */,
				3BAE822025CB257300C1E7DD /* Main.storyboard */,
				3BAE822625CB257500C1E7DD /* Assets.xcassets */,
				3BAE822825CB257500C1E7DD /* LaunchScreen.storyboard */,
				3BAE822B25CB257500C1E7DD /* Info.plist */,
				3BAE822325CB257300C1E7DD /* Parkey.xcdatamodeld */,
			);
			path = Parkey;
			sourceTree = "<group>";
		};
		733E1BC08D7250E1CCA06BDA /* Pods */ = {
			isa = PBXGroup;
			children = (
				007B82F06EE04D40F844FC4A /* Pods-Parkey.debug.xcconfig */,
				4A6F61E36682699C39A7B591 /* Pods-Parkey.release.xcconfig */,
			);
			path = Pods;
			sourceTree = "<group>";
		};
		823E5DF525CF0A7000F5C0E7 /* Images */ = {
			isa = PBXGroup;
			children = (
				824D591926080E7000EB8818 /* circle.png */,
				AB25AF0A25D9CB5D00F0EB5B /* account_1.png */,
				AB25AF0625D9CB5300F0EB5B /* park_in.png */,
				3B56DB7225F3CD8100F180B2 /* food.png */,
				AB25AF0425D9CB5300F0EB5B /* park_out.png */,
				AB25AF0525D9CB5300F0EB5B /* ranking_1.png */,
				AB25AF0025D9CB4600F0EB5B /* keychain_1.png */,
				AB25AF0125D9CB4600F0EB5B /* mic_1.png */,
				823E5DF625CF0BFF00F5C0E7 /* logo.png */,
				8280F11D25D6EF2700306867 /* logowords.png */,
			);
			path = Images;
			sourceTree = "<group>";
		};
		8280F12325D6FE4400306867 /* Code */ = {
			isa = PBXGroup;
			children = (
				829DA1A725CF5217007B4EC5 /* Models */,
				829DA1AC25CF534A007B4EC5 /* Views */,
				8280F12425D6FE8500306867 /* RequestHandler.swift */,
			);
			path = Code;
			sourceTree = "<group>";
		};
		829DA1A725CF5217007B4EC5 /* Models */ = {
			isa = PBXGroup;
			children = (
				829DA1A825CF52DC007B4EC5 /* User.swift */,
				8280F12725D7066500306867 /* PaymentInfo.swift */,
				8280F12A25D712FE00306867 /* Vehicle.swift */,
				8280F12D25D71C3C00306867 /* Reward.swift */,
				8280F13025D7237D00306867 /* Navigation.swift */,
				8280F13325D7238F00306867 /* ParkingSpot.swift */,
				8280F13625D723A100306867 /* ParkingRules.swift */,
				8280F13925D723FB00306867 /* Vinny.swift */,
				824C514C25EC23030047C468 /* CardCell.swift */,
				3B56DB7025F11E6900F180B2 /* Place.swift */,
				AB4C480825F70B82003396C3 /* SettingsCell.swift */,
			);
			path = Models;
			sourceTree = "<group>";
		};
		829DA1AC25CF534A007B4EC5 /* Views */ = {
			isa = PBXGroup;
			children = (
				0C3F47C225EF3ADD0028D726 /* HomeViewController.swift */,
				0C3F47AB25EEF5520028D726 /* ParkViewController.swift */,
				3BAE823B25D1877000C1E7DD /* SignUpController.swift */,
				3BAE821E25CB257300C1E7DD /* LoginController.swift */,
				AB25AF0C25D9CD4100F0EB5B /* ProfileController.swift */,
				AB25AF0E25D9CD5200F0EB5B /* SettingsController.swift */,
				3B516D4725E879E400A49363 /* InitialScreenController.swift */,
				3B516D4925E934F500A49363 /* EarnPointsTemp.swift */,
				8267022225EB6C9100D784C1 /* RewardsController.swift */,
				AB4C480B25F70B97003396C3 /* SpeechController.swift */,
				8276494B25FEBBAE00F59E14 /* LeaderboardController.swift */,
			);
			path = Views;
			sourceTree = "<group>";
		};
/* End PBXGroup section */

/* Begin PBXNativeTarget section */
		3BAE821625CB257300C1E7DD /* Parkey */ = {
			isa = PBXNativeTarget;
			buildConfigurationList = 3BAE822E25CB257500C1E7DD /* Build configuration list for PBXNativeTarget "Parkey" */;
			buildPhases = (
				FA5F2EEA974AFE1C495CCA42 /* [CP] Check Pods Manifest.lock */,
				3BAE821325CB257300C1E7DD /* Sources */,
				3BAE821425CB257300C1E7DD /* Frameworks */,
				3BAE821525CB257300C1E7DD /* Resources */,
				CB979408D85F7826E1438FD0 /* [CP] Embed Pods Frameworks */,
			);
			buildRules = (
			);
			dependencies = (
			);
			name = Parkey;
			productName = Parkey;
			productReference = 3BAE821725CB257300C1E7DD /* Parkey.app */;
			productType = "com.apple.product-type.application";
		};
/* End PBXNativeTarget section */

/* Begin PBXProject section */
		3BAE820F25CB257300C1E7DD /* Project object */ = {
			isa = PBXProject;
			attributes = {
				LastSwiftUpdateCheck = 1160;
				LastUpgradeCheck = 1240;
				ORGANIZATIONNAME = iona;
				TargetAttributes = {
					3BAE821625CB257300C1E7DD = {
						CreatedOnToolsVersion = 11.6;
					};
				};
			};
			buildConfigurationList = 3BAE821225CB257300C1E7DD /* Build configuration list for PBXProject "Parkey" */;
			compatibilityVersion = "Xcode 9.3";
			developmentRegion = en;
			hasScannedForEncodings = 0;
			knownRegions = (
				en,
				Base,
			);
			mainGroup = 3BAE820E25CB257300C1E7DD;
			productRefGroup = 3BAE821825CB257300C1E7DD /* Products */;
			projectDirPath = "";
			projectRoot = "";
			targets = (
				3BAE821625CB257300C1E7DD /* Parkey */,
			);
		};
/* End PBXProject section */

/* Begin PBXResourcesBuildPhase section */
		3BAE821525CB257300C1E7DD /* Resources */ = {
			isa = PBXResourcesBuildPhase;
			buildActionMask = 2147483647;
			files = (
				823E5DF725CF0BFF00F5C0E7 /* logo.png in Resources */,
				8280F11E25D6EF2700306867 /* logowords.png in Resources */,
				3BAE822A25CB257500C1E7DD /* LaunchScreen.storyboard in Resources */,
				AB25AF0225D9CB4600F0EB5B /* keychain_1.png in Resources */,
				AB25AF0725D9CB5300F0EB5B /* park_out.png in Resources */,
				3BAE822725CB257500C1E7DD /* Assets.xcassets in Resources */,
				AB25AF0B25D9CB5D00F0EB5B /* account_1.png in Resources */,
				AB25AF0925D9CB5300F0EB5B /* park_in.png in Resources */,
				3BAE822225CB257300C1E7DD /* Main.storyboard in Resources */,
				AB25AF0325D9CB4600F0EB5B /* mic_1.png in Resources */,
				824D591A26080E7000EB8818 /* circle.png in Resources */,
				AB25AF0825D9CB5300F0EB5B /* ranking_1.png in Resources */,
				3B56DB7325F3CD8100F180B2 /* food.png in Resources */,
			);
			runOnlyForDeploymentPostprocessing = 0;
		};
/* End PBXResourcesBuildPhase section */

/* Begin PBXShellScriptBuildPhase section */
		CB979408D85F7826E1438FD0 /* [CP] Embed Pods Frameworks */ = {
			isa = PBXShellScriptBuildPhase;
			buildActionMask = 2147483647;
			files = (
			);
			inputFileListPaths = (
				"${PODS_ROOT}/Target Support Files/Pods-Parkey/Pods-Parkey-frameworks-${CONFIGURATION}-input-files.xcfilelist",
			);
			name = "[CP] Embed Pods Frameworks";
			outputFileListPaths = (
				"${PODS_ROOT}/Target Support Files/Pods-Parkey/Pods-Parkey-frameworks-${CONFIGURATION}-output-files.xcfilelist",
			);
			runOnlyForDeploymentPostprocessing = 0;
			shellPath = /bin/sh;
			shellScript = "\"${PODS_ROOT}/Target Support Files/Pods-Parkey/Pods-Parkey-frameworks.sh\"\n";
			showEnvVarsInLog = 0;
		};
		FA5F2EEA974AFE1C495CCA42 /* [CP] Check Pods Manifest.lock */ = {
			isa = PBXShellScriptBuildPhase;
			buildActionMask = 2147483647;
			files = (
			);
			inputFileListPaths = (
			);
			inputPaths = (
				"${PODS_PODFILE_DIR_PATH}/Podfile.lock",
				"${PODS_ROOT}/Manifest.lock",
			);
			name = "[CP] Check Pods Manifest.lock";
			outputFileListPaths = (
			);
			outputPaths = (
				"$(DERIVED_FILE_DIR)/Pods-Parkey-checkManifestLockResult.txt",
			);
			runOnlyForDeploymentPostprocessing = 0;
			shellPath = /bin/sh;
			shellScript = "diff \"${PODS_PODFILE_DIR_PATH}/Podfile.lock\" \"${PODS_ROOT}/Manifest.lock\" > /dev/null\nif [ $? != 0 ] ; then\n    # print error to STDERR\n    echo \"error: The sandbox is not in sync with the Podfile.lock. Run 'pod install' or update your CocoaPods installation.\" >&2\n    exit 1\nfi\n# This output is used by Xcode 'outputs' to avoid re-running this script phase.\necho \"SUCCESS\" > \"${SCRIPT_OUTPUT_FILE_0}\"\n";
			showEnvVarsInLog = 0;
		};
/* End PBXShellScriptBuildPhase section */

/* Begin PBXSourcesBuildPhase section */
		3BAE821325CB257300C1E7DD /* Sources */ = {
			isa = PBXSourcesBuildPhase;
			buildActionMask = 2147483647;
			files = (
				3B56DB7125F11E6900F180B2 /* Place.swift in Sources */,
				8267022325EB6C9100D784C1 /* RewardsController.swift in Sources */,
				8280F12B25D712FE00306867 /* Vehicle.swift in Sources */,
				8280F12525D6FE8500306867 /* RequestHandler.swift in Sources */,
				8280F13725D723A100306867 /* ParkingRules.swift in Sources */,
				8280F13425D7238F00306867 /* ParkingSpot.swift in Sources */,
				3BAE821F25CB257300C1E7DD /* LoginController.swift in Sources */,
				AB25AF0D25D9CD4100F0EB5B /* ProfileController.swift in Sources */,
				0C3F47C325EF3ADD0028D726 /* HomeViewController.swift in Sources */,
				3B516D4A25E934F500A49363 /* EarnPointsTemp.swift in Sources */,
				8280F13125D7237D00306867 /* Navigation.swift in Sources */,
				3BAE821B25CB257300C1E7DD /* AppDelegate.swift in Sources */,
				AB25AF0F25D9CD5200F0EB5B /* SettingsController.swift in Sources */,
				8280F12E25D71C3C00306867 /* Reward.swift in Sources */,
				AB4C480925F70B82003396C3 /* SettingsCell.swift in Sources */,
				3BAE821D25CB257300C1E7DD /* SceneDelegate.swift in Sources */,
				829DA1A925CF52DC007B4EC5 /* User.swift in Sources */,
				3B516D4825E879E400A49363 /* InitialScreenController.swift in Sources */,
				0C3F47AC25EEF5520028D726 /* ParkViewController.swift in Sources */,
				AB4C480C25F70B97003396C3 /* SpeechController.swift in Sources */,
				824C514D25EC23030047C468 /* CardCell.swift in Sources */,
				8280F13A25D723FB00306867 /* Vinny.swift in Sources */,
				3BAE822525CB257300C1E7DD /* Parkey.xcdatamodeld in Sources */,
				8280F12825D7066500306867 /* PaymentInfo.swift in Sources */,
				3BAE823C25D1877000C1E7DD /* SignUpController.swift in Sources */,
				8276494C25FEBBAE00F59E14 /* LeaderboardController.swift in Sources */,
			);
			runOnlyForDeploymentPostprocessing = 0;
		};
/* End PBXSourcesBuildPhase section */

/* Begin PBXVariantGroup section */
		3BAE822025CB257300C1E7DD /* Main.storyboard */ = {
			isa = PBXVariantGroup;
			children = (
				3BAE822125CB257300C1E7DD /* Base */,
			);
			name = Main.storyboard;
			sourceTree = "<group>";
		};
		3BAE822825CB257500C1E7DD /* LaunchScreen.storyboard */ = {
			isa = PBXVariantGroup;
			children = (
				3BAE822925CB257500C1E7DD /* Base */,
			);
			name = LaunchScreen.storyboard;
			sourceTree = "<group>";
		};
/* End PBXVariantGroup section */

/* Begin XCBuildConfiguration section */
		3BAE822C25CB257500C1E7DD /* Debug */ = {
			isa = XCBuildConfiguration;
			buildSettings = {
				ALWAYS_SEARCH_USER_PATHS = NO;
				CLANG_ANALYZER_NONNULL = YES;
				CLANG_ANALYZER_NUMBER_OBJECT_CONVERSION = YES_AGGRESSIVE;
				CLANG_CXX_LANGUAGE_STANDARD = "gnu++14";
				CLANG_CXX_LIBRARY = "libc++";
				CLANG_ENABLE_MODULES = YES;
				CLANG_ENABLE_OBJC_ARC = YES;
				CLANG_ENABLE_OBJC_WEAK = YES;
				CLANG_WARN_BLOCK_CAPTURE_AUTORELEASING = YES;
				CLANG_WARN_BOOL_CONVERSION = YES;
				CLANG_WARN_COMMA = YES;
				CLANG_WARN_CONSTANT_CONVERSION = YES;
				CLANG_WARN_DEPRECATED_OBJC_IMPLEMENTATIONS = YES;
				CLANG_WARN_DIRECT_OBJC_ISA_USAGE = YES_ERROR;
				CLANG_WARN_DOCUMENTATION_COMMENTS = YES;
				CLANG_WARN_EMPTY_BODY = YES;
				CLANG_WARN_ENUM_CONVERSION = YES;
				CLANG_WARN_INFINITE_RECURSION = YES;
				CLANG_WARN_INT_CONVERSION = YES;
				CLANG_WARN_NON_LITERAL_NULL_CONVERSION = YES;
				CLANG_WARN_OBJC_IMPLICIT_RETAIN_SELF = YES;
				CLANG_WARN_OBJC_LITERAL_CONVERSION = YES;
				CLANG_WARN_OBJC_ROOT_CLASS = YES_ERROR;
				CLANG_WARN_QUOTED_INCLUDE_IN_FRAMEWORK_HEADER = YES;
				CLANG_WARN_RANGE_LOOP_ANALYSIS = YES;
				CLANG_WARN_STRICT_PROTOTYPES = YES;
				CLANG_WARN_SUSPICIOUS_MOVE = YES;
				CLANG_WARN_UNGUARDED_AVAILABILITY = YES_AGGRESSIVE;
				CLANG_WARN_UNREACHABLE_CODE = YES;
				CLANG_WARN__DUPLICATE_METHOD_MATCH = YES;
				COPY_PHASE_STRIP = NO;
				DEBUG_INFORMATION_FORMAT = dwarf;
				ENABLE_STRICT_OBJC_MSGSEND = YES;
				ENABLE_TESTABILITY = YES;
				GCC_C_LANGUAGE_STANDARD = gnu11;
				GCC_DYNAMIC_NO_PIC = NO;
				GCC_NO_COMMON_BLOCKS = YES;
				GCC_OPTIMIZATION_LEVEL = 0;
				GCC_PREPROCESSOR_DEFINITIONS = (
					"DEBUG=1",
					"$(inherited)",
				);
				GCC_WARN_64_TO_32_BIT_CONVERSION = YES;
				GCC_WARN_ABOUT_RETURN_TYPE = YES_ERROR;
				GCC_WARN_UNDECLARED_SELECTOR = YES;
				GCC_WARN_UNINITIALIZED_AUTOS = YES_AGGRESSIVE;
				GCC_WARN_UNUSED_FUNCTION = YES;
				GCC_WARN_UNUSED_VARIABLE = YES;
				IPHONEOS_DEPLOYMENT_TARGET = 13.6;
				MTL_ENABLE_DEBUG_INFO = INCLUDE_SOURCE;
				MTL_FAST_MATH = YES;
				ONLY_ACTIVE_ARCH = YES;
				SDKROOT = iphoneos;
				SWIFT_ACTIVE_COMPILATION_CONDITIONS = DEBUG;
				SWIFT_OPTIMIZATION_LEVEL = "-Onone";
			};
			name = Debug;
		};
		3BAE822D25CB257500C1E7DD /* Release */ = {
			isa = XCBuildConfiguration;
			buildSettings = {
				ALWAYS_SEARCH_USER_PATHS = NO;
				CLANG_ANALYZER_NONNULL = YES;
				CLANG_ANALYZER_NUMBER_OBJECT_CONVERSION = YES_AGGRESSIVE;
				CLANG_CXX_LANGUAGE_STANDARD = "gnu++14";
				CLANG_CXX_LIBRARY = "libc++";
				CLANG_ENABLE_MODULES = YES;
				CLANG_ENABLE_OBJC_ARC = YES;
				CLANG_ENABLE_OBJC_WEAK = YES;
				CLANG_WARN_BLOCK_CAPTURE_AUTORELEASING = YES;
				CLANG_WARN_BOOL_CONVERSION = YES;
				CLANG_WARN_COMMA = YES;
				CLANG_WARN_CONSTANT_CONVERSION = YES;
				CLANG_WARN_DEPRECATED_OBJC_IMPLEMENTATIONS = YES;
				CLANG_WARN_DIRECT_OBJC_ISA_USAGE = YES_ERROR;
				CLANG_WARN_DOCUMENTATION_COMMENTS = YES;
				CLANG_WARN_EMPTY_BODY = YES;
				CLANG_WARN_ENUM_CONVERSION = YES;
				CLANG_WARN_INFINITE_RECURSION = YES;
				CLANG_WARN_INT_CONVERSION = YES;
				CLANG_WARN_NON_LITERAL_NULL_CONVERSION = YES;
				CLANG_WARN_OBJC_IMPLICIT_RETAIN_SELF = YES;
				CLANG_WARN_OBJC_LITERAL_CONVERSION = YES;
				CLANG_WARN_OBJC_ROOT_CLASS = YES_ERROR;
				CLANG_WARN_QUOTED_INCLUDE_IN_FRAMEWORK_HEADER = YES;
				CLANG_WARN_RANGE_LOOP_ANALYSIS = YES;
				CLANG_WARN_STRICT_PROTOTYPES = YES;
				CLANG_WARN_SUSPICIOUS_MOVE = YES;
				CLANG_WARN_UNGUARDED_AVAILABILITY = YES_AGGRESSIVE;
				CLANG_WARN_UNREACHABLE_CODE = YES;
				CLANG_WARN__DUPLICATE_METHOD_MATCH = YES;
				COPY_PHASE_STRIP = NO;
				DEBUG_INFORMATION_FORMAT = "dwarf-with-dsym";
				ENABLE_NS_ASSERTIONS = NO;
				ENABLE_STRICT_OBJC_MSGSEND = YES;
				GCC_C_LANGUAGE_STANDARD = gnu11;
				GCC_NO_COMMON_BLOCKS = YES;
				GCC_WARN_64_TO_32_BIT_CONVERSION = YES;
				GCC_WARN_ABOUT_RETURN_TYPE = YES_ERROR;
				GCC_WARN_UNDECLARED_SELECTOR = YES;
				GCC_WARN_UNINITIALIZED_AUTOS = YES_AGGRESSIVE;
				GCC_WARN_UNUSED_FUNCTION = YES;
				GCC_WARN_UNUSED_VARIABLE = YES;
				IPHONEOS_DEPLOYMENT_TARGET = 13.6;
				MTL_ENABLE_DEBUG_INFO = NO;
				MTL_FAST_MATH = YES;
				SDKROOT = iphoneos;
				SWIFT_COMPILATION_MODE = wholemodule;
				SWIFT_OPTIMIZATION_LEVEL = "-O";
				VALIDATE_PRODUCT = YES;
			};
			name = Release;
		};
		3BAE822F25CB257500C1E7DD /* Debug */ = {
			isa = XCBuildConfiguration;
			baseConfigurationReference = 007B82F06EE04D40F844FC4A /* Pods-Parkey.debug.xcconfig */;
			buildSettings = {
				ASSETCATALOG_COMPILER_APPICON_NAME = AppIcon;
				CODE_SIGN_STYLE = Automatic;
				INFOPLIST_FILE = Parkey/Info.plist;
				LD_RUNPATH_SEARCH_PATHS = (
					"$(inherited)",
					"@executable_path/Frameworks",
				);
				PRODUCT_BUNDLE_IDENTIFIER = com.iona.Parkey;
				PRODUCT_NAME = "$(TARGET_NAME)";
				SWIFT_VERSION = 5.0;
				TARGETED_DEVICE_FAMILY = "1,2";
			};
			name = Debug;
		};
		3BAE823025CB257500C1E7DD /* Release */ = {
			isa = XCBuildConfiguration;
			baseConfigurationReference = 4A6F61E36682699C39A7B591 /* Pods-Parkey.release.xcconfig */;
			buildSettings = {
				ASSETCATALOG_COMPILER_APPICON_NAME = AppIcon;
				CODE_SIGN_STYLE = Automatic;
				INFOPLIST_FILE = Parkey/Info.plist;
				LD_RUNPATH_SEARCH_PATHS = (
					"$(inherited)",
					"@executable_path/Frameworks",
				);
				PRODUCT_BUNDLE_IDENTIFIER = com.iona.Parkey;
				PRODUCT_NAME = "$(TARGET_NAME)";
				SWIFT_VERSION = 5.0;
				TARGETED_DEVICE_FAMILY = "1,2";
			};
			name = Release;
		};
/* End XCBuildConfiguration section */

/* Begin XCConfigurationList section */
		3BAE821225CB257300C1E7DD /* Build configuration list for PBXProject "Parkey" */ = {
			isa = XCConfigurationList;
			buildConfigurations = (
				3BAE822C25CB257500C1E7DD /* Debug */,
				3BAE822D25CB257500C1E7DD /* Release */,
			);
			defaultConfigurationIsVisible = 0;
			defaultConfigurationName = Release;
		};
		3BAE822E25CB257500C1E7DD /* Build configuration list for PBXNativeTarget "Parkey" */ = {
			isa = XCConfigurationList;
			buildConfigurations = (
				3BAE822F25CB257500C1E7DD /* Debug */,
				3BAE823025CB257500C1E7DD /* Release */,
			);
			defaultConfigurationIsVisible = 0;
			defaultConfigurationName = Release;
		};
/* End XCConfigurationList section */

/* Begin XCVersionGroup section */
		3BAE822325CB257300C1E7DD /* Parkey.xcdatamodeld */ = {
			isa = XCVersionGroup;
			children = (
				3BAE822425CB257300C1E7DD /* Parkey.xcdatamodel */,
			);
			currentVersion = 3BAE822425CB257300C1E7DD /* Parkey.xcdatamodel */;
			path = Parkey.xcdatamodeld;
			sourceTree = "<group>";
			versionGroupType = wrapper.xcdatamodel;
		};
/* End XCVersionGroup section */
	};
	rootObject = 3BAE820F25CB257300C1E7DD /* Project object */;
}
